// !$*UTF8*$!
{
	archiveVersion = 1;
	classes = {
	};
	objectVersion = 46;
	objects = {

/* Begin PBXBuildFile section */
		A93A97A71ED404950041E338 /* AppDelegate.swift in Sources */ = {isa = PBXBuildFile; fileRef = A93A97A61ED404950041E338 /* AppDelegate.swift */; };
		A93A97A91ED404950041E338 /* ViewController.swift in Sources */ = {isa = PBXBuildFile; fileRef = A93A97A81ED404950041E338 /* ViewController.swift */; };
		A93A97AC1ED404950041E338 /* Main.storyboard in Resources */ = {isa = PBXBuildFile; fileRef = A93A97AA1ED404950041E338 /* Main.storyboard */; };
		A93A97AE1ED404950041E338 /* Assets.xcassets in Resources */ = {isa = PBXBuildFile; fileRef = A93A97AD1ED404950041E338 /* Assets.xcassets */; };
		A93A97B11ED404950041E338 /* LaunchScreen.storyboard in Resources */ = {isa = PBXBuildFile; fileRef = A93A97AF1ED404950041E338 /* LaunchScreen.storyboard */; };
		A97F76EF1EDBC8F900F55194 /* Paso2Contoller.swift in Sources */ = {isa = PBXBuildFile; fileRef = A97F76EE1EDBC8F900F55194 /* Paso2Contoller.swift */; };
		A97F76F11EDBC92C00F55194 /* Paso3Controller.swift in Sources */ = {isa = PBXBuildFile; fileRef = A97F76F01EDBC92C00F55194 /* Paso3Controller.swift */; };
		A97F76F31EDBC94C00F55194 /* Paso4Controller.swift in Sources */ = {isa = PBXBuildFile; fileRef = A97F76F21EDBC94C00F55194 /* Paso4Controller.swift */; };
		A97F76F51EDBDC1000F55194 /* Confirmacion.swift in Sources */ = {isa = PBXBuildFile; fileRef = A97F76F41EDBDC1000F55194 /* Confirmacion.swift */; };
/* End PBXBuildFile section */

/* Begin PBXFileReference section */
		A93A97A31ED404950041E338 /* Pizza.app */ = {isa = PBXFileReference; explicitFileType = wrapper.application; includeInIndex = 0; path = Pizza.app; sourceTree = BUILT_PRODUCTS_DIR; };
		A93A97A61ED404950041E338 /* AppDelegate.swift */ = {isa = PBXFileReference; lastKnownFileType = sourcecode.swift; path = AppDelegate.swift; sourceTree = "<group>"; };
		A93A97A81ED404950041E338 /* ViewController.swift */ = {isa = PBXFileReference; lastKnownFileType = sourcecode.swift; path = ViewController.swift; sourceTree = "<group>"; };
		A93A97AB1ED404950041E338 /* Base */ = {isa = PBXFileReference; lastKnownFileType = file.storyboard; name = Base; path = Base.lproj/Main.storyboard; sourceTree = "<group>"; };
		A93A97AD1ED404950041E338 /* Assets.xcassets */ = {isa = PBXFileReference; lastKnownFileType = folder.assetcatalog; path = Assets.xcassets; sourceTree = "<group>"; };
		A93A97B01ED404950041E338 /* Base */ = {isa = PBXFileReference; lastKnownFileType = file.storyboard; name = Base; path = Base.lproj/LaunchScreen.storyboard; sourceTree = "<group>"; };
		A93A97B21ED404950041E338 /* Info.plist */ = {isa = PBXFileReference; lastKnownFileType = text.plist.xml; path = Info.plist; sourceTree = "<group>"; };
		A97F76EE1EDBC8F900F55194 /* Paso2Contoller.swift */ = {isa = PBXFileReference; fileEncoding = 4; lastKnownFileType = sourcecode.swift; path = Paso2Contoller.swift; sourceTree = "<group>"; };
		A97F76F01EDBC92C00F55194 /* Paso3Controller.swift */ = {isa = PBXFileReference; fileEncoding = 4; lastKnownFileType = sourcecode.swift; path = Paso3Controller.swift; sourceTree = "<group>"; };
		A97F76F21EDBC94C00F55194 /* Paso4Controller.swift */ = {isa = PBXFileReference; fileEncoding = 4; lastKnownFileType = sourcecode.swift; path = Paso4Controller.swift; sourceTree = "<group>"; };
		A97F76F41EDBDC1000F55194 /* Confirmacion.swift */ = {isa = PBXFileReference; fileEncoding = 4; lastKnownFileType = sourcecode.swift; path = Confirmacion.swift; sourceTree = "<group>"; };
/* End PBXFileReference section */

/* Begin PBXFrameworksBuildPhase section */
		A93A97A01ED404950041E338 /* Frameworks */ = {
			isa = PBXFrameworksBuildPhase;
			buildActionMask = 2147483647;
			files = (
			);
			runOnlyForDeploymentPostprocessing = 0;
		};
/* End PBXFrameworksBuildPhase section */

/* Begin PBXGroup section */
		A93A979A1ED404950041E338 = {
			isa = PBXGroup;
			children = (
				A93A97A51ED404950041E338 /* Pizza */,
				A93A97A41ED404950041E338 /* Products */,
			);
			sourceTree = "<group>";
		};
		A93A97A41ED404950041E338 /* Products */ = {
			isa = PBXGroup;
			children = (
				A93A97A31ED404950041E338 /* Pizza.app */,
			);
			name = Products;
			sourceTree = "<group>";
		};
		A93A97A51ED404950041E338 /* Pizza */ = {
			isa = PBXGroup;
			children = (
				A93A97A61ED404950041E338 /* AppDelegate.swift */,
				A93A97A81ED404950041E338 /* ViewController.swift */,
				A93A97AA1ED404950041E338 /* Main.storyboard */,
				A93A97AD1ED404950041E338 /* Assets.xcassets */,
				A93A97AF1ED404950041E338 /* LaunchScreen.storyboard */,
				A93A97B21ED404950041E338 /* Info.plist */,
				A97F76EE1EDBC8F900F55194 /* Paso2Contoller.swift */,
				A97F76F01EDBC92C00F55194 /* Paso3Controller.swift */,
				A97F76F21EDBC94C00F55194 /* Paso4Controller.swift */,
				A97F76F41EDBDC1000F55194 /* Confirmacion.swift */,
			);
			path = Pizza;
			sourceTree = "<group>";
		};
/* End PBXGroup section */

/* Begin PBXNativeTarget section */
		A93A97A21ED404950041E338 /* Pizza */ = {
			isa = PBXNativeTarget;
			buildConfigurationList = A93A97B51ED404950041E338 /* Build configuration list for PBXNativeTarget "Pizza" */;
			buildPhases = (
				A93A979F1ED404950041E338 /* Sources */,
				A93A97A01ED404950041E338 /* Frameworks */,
				A93A97A11ED404950041E338 /* Resources */,
			);
			buildRules = (
			);
			dependencies = (
			);
			name = Pizza;
			productName = Pizza;
			productReference = A93A97A31ED404950041E338 /* Pizza.app */;
			productType = "com.apple.product-type.application";
		};
/* End PBXNativeTarget section */

/* Begin PBXProject section */
		A93A979B1ED404950041E338 /* Project object */ = {
			isa = PBXProject;
			attributes = {
				LastSwiftUpdateCheck = 0830;
				LastUpgradeCheck = 0830;
				ORGANIZATIONNAME = "Alejandro Cruz";
				TargetAttributes = {
					A93A97A21ED404950041E338 = {
						CreatedOnToolsVersion = 8.3.2;
						ProvisioningStyle = Automatic;
					};
				};
			};
			buildConfigurationList = A93A979E1ED404950041E338 /* Build configuration list for PBXProject "Pizza" */;
			compatibilityVersion = "Xcode 3.2";
			developmentRegion = English;
			hasScannedForEncodings = 0;
			knownRegions = (
				en,
				Base,
			);
			mainGroup = A93A979A1ED404950041E338;
			productRefGroup = A93A97A41ED404950041E338 /* Products */;
			projectDirPath = "";
			projectRoot = "";
			targets = (
				A93A97A21ED404950041E338 /* Pizza */,
			);
		};
/* End PBXProject section */

/* Begin PBXResourcesBuildPhase section */
		A93A97A11ED404950041E338 /* Resources */ = {
			isa = PBXResourcesBuildPhase;
			buildActionMask = 2147483647;
			files = (
				A93A97B11ED404950041E338 /* LaunchScreen.storyboard in Resources */,
				A93A97AE1ED404950041E338 /* Assets.xcassets in Resources */,
				A93A97AC1ED404950041E338 /* Main.storyboard in Resources */,
			);
			runOnlyForDeploymentPostprocessing = 0;
		};
/* End PBXResourcesBuildPhase section */

/* Begin PBXSourcesBuildPhase section */
		A93A979F1ED404950041E338 /* Sources */ = {
			isa = PBXSourcesBuildPhase;
			buildActionMask = 2147483647;
			files = (
				A93A97A91ED404950041E338 /* ViewController.swift in Sources */,
				A97F76EF1EDBC8F900F55194 /* Paso2Contoller.swift in Sources */,
				A97F76F31EDBC94C00F55194 /* Paso4Controller.swift in Sources */,
				A97F76F11EDBC92C00F55194 /* Paso3Controller.swift in Sources */,
				A93A97A71ED404950041E338 /* AppDelegate.swift in Sources */,
				A97F76F51EDBDC1000F55194 /* Confirmacion.swift in Sources */,
			);
			runOnlyForDeploymentPostprocessing = 0;
		};
/* End PBXSourcesBuildPhase section */

/* Begin PBXVariantGroup section */
		A93A97AA1ED404950041E338 /* Main.storyboard */ = {
			isa = PBXVariantGroup;
			children = (
				A93A97AB1ED404950041E338 /* Base */,
			);
			name = Main.storyboard;
			sourceTree = "<group>";
		};
		A93A97AF1ED404950041E338 /* LaunchScreen.storyboard */ = {
			isa = PBXVariantGroup;
			children = (
				A93A97B01ED404950041E338 /* Base */,
			);
			name = LaunchScreen.storyboard;
			sourceTree = "<group>";
		};
/* End PBXVariantGroup section */

/* Begin XCBuildConfiguration section */
		A93A97B31ED404950041E338 /* Debug */ = {
			isa = XCBuildConfiguration;
			buildSettings = {
				ALWAYS_SEARCH_USER_PATHS = NO;
				CLANG_ANALYZER_NONNULL = YES;
				CLANG_ANALYZER_NUMBER_OBJECT_CONVERSION = YES_AGGRESSIVE;
				CLANG_CXX_LANGUAGE_STANDARD = "gnu++0x";
				CLANG_CXX_LIBRARY = "libc++";
				CLANG_ENABLE_MODULES = YES;
				CLANG_ENABLE_OBJC_ARC = YES;
				CLANG_WARN_BOOL_CONVERSION = YES;
				CLANG_WARN_CONSTANT_CONVERSION = YES;
				CLANG_WARN_DIRECT_OBJC_ISA_USAGE = YES_ERROR;
				CLANG_WARN_DOCUMENTATION_COMMENTS = YES;
				CLANG_WARN_EMPTY_BODY = YES;
				CLANG_WARN_ENUM_CONVERSION = YES;
				CLANG_WARN_INFINITE_RECURSION = YES;
				CLANG_WARN_INT_CONVERSION = YES;
				CLANG_WARN_OBJC_ROOT_CLASS = YES_ERROR;
				CLANG_WARN_SUSPICIOUS_MOVE = YES;
				CLANG_WARN_UNREACHABLE_CODE = YES;
				CLANG_WARN__DUPLICATE_METHOD_MATCH = YES;
				"CODE_SIGN_IDENTITY[sdk=iphoneos*]" = "iPhone Developer";
				COPY_PHASE_STRIP = NO;
				DEBUG_INFORMATION_FORMAT = dwarf;
				ENABLE_STRICT_OBJC_MSGSEND = YES;
				ENABLE_TESTABILITY = YES;
				GCC_C_LANGUAGE_STANDARD = gnu99;
				GCC_DYNAMIC_NO_PIC = NO;
				GCC_NO_COMMON_BLOCKS = YES;
				GCC_OPTIMIZATION_LEVEL = 0;
				GCC_PREPROCESSOR_DEFINITIONS = (
					"DEBUG=1",
					"$(inherited)",
				);
				GCC_WARN_64_TO_32_BIT_CONVERSION = YES;
				GCC_WARN_ABOUT_RETURN_TYPE = YES_ERROR;
				GCC_WARN_UNDECLARED_SELECTOR = YES;
				GCC_WARN_UNINITIALIZED_AUTOS = YES_AGGRESSIVE;
				GCC_WARN_UNUSED_FUNCTION = YES;
				GCC_WARN_UNUSED_VARIABLE = YES;
				IPHONEOS_DEPLOYMENT_TARGET = 10.3;
				MTL_ENABLE_DEBUG_INFO = YES;
				ONLY_ACTIVE_ARCH = YES;
				SDKROOT = iphoneos;
				SWIFT_ACTIVE_COMPILATION_CONDITIONS = DEBUG;
				SWIFT_OPTIMIZATION_LEVEL = "-Onone";
			};
			name = Debug;
		};
		A93A97B41ED404950041E338 /* Release */ = {
			isa = XCBuildConfiguration;
			buildSettings = {
				ALWAYS_SEARCH_USER_PATHS = NO;
				CLANG_ANALYZER_NONNULL = YES;
				CLANG_ANALYZER_NUMBER_OBJECT_CONVERSION = YES_AGGRESSIVE;
				CLANG_CXX_LANGUAGE_STANDARD = "gnu++0x";
				CLANG_CXX_LIBRARY = "libc++";
				CLANG_ENABLE_MODULES = YES;
				CLANG_ENABLE_OBJC_ARC = YES;
				CLANG_WARN_BOOL_CONVERSION = YES;
				CLANG_WARN_CONSTANT_CONVERSION = YES;
				CLANG_WARN_DIRECT_OBJC_ISA_USAGE = YES_ERROR;
				CLANG_WARN_DOCUMENTATION_COMMENTS = YES;
				CLANG_WARN_EMPTY_BODY = YES;
				CLANG_WARN_ENUM_CONVERSION = YES;
				CLANG_WARN_INFINITE_RECURSION = YES;
				CLANG_WARN_INT_CONVERSION = YES;
				CLANG_WARN_OBJC_ROOT_CLASS = YES_ERROR;
				CLANG_WARN_SUSPICIOUS_MOVE = YES;
				CLANG_WARN_UNREACHABLE_CODE = YES;
				CLANG_WARN__DUPLICATE_METHOD_MATCH = YES;
				"CODE_SIGN_IDENTITY[sdk=iphoneos*]" = "iPhone Developer";
				COPY_PHASE_STRIP = NO;
				DEBUG_INFORMATION_FORMAT = "dwarf-with-dsym";
				ENABLE_NS_ASSERTIONS = NO;
				ENABLE_STRICT_OBJC_MSGSEND = YES;
				GCC_C_LANGUAGE_STANDARD = gnu99;
				GCC_NO_COMMON_BLOCKS = YES;
				GCC_WARN_64_TO_32_BIT_CONVERSION = YES;
				GCC_WARN_ABOUT_RETURN_TYPE = YES_ERROR;
				GCC_WARN_UNDECLARED_SELECTOR = YES;
				GCC_WARN_UNINITIALIZED_AUTOS = YES_AGGRESSIVE;
				GCC_WARN_UNUSED_FUNCTION = YES;
				GCC_WARN_UNUSED_VARIABLE = YES;
				IPHONEOS_DEPLOYMENT_TARGET = 10.3;
				MTL_ENABLE_DEBUG_INFO = NO;
				SDKROOT = iphoneos;
				SWIFT_OPTIMIZATION_LEVEL = "-Owholemodule";
				VALIDATE_PRODUCT = YES;
			};
			name = Release;
		};
		A93A97B61ED404950041E338 /* Debug */ = {
			isa = XCBuildConfiguration;
			buildSettings = {
				ASSETCATALOG_COMPILER_APPICON_NAME = AppIcon;
				INFOPLIST_FILE = Pizza/Info.plist;
				LD_RUNPATH_SEARCH_PATHS = "$(inherited) @executable_path/Frameworks";
				PRODUCT_BUNDLE_IDENTIFIER = gotit.com.mx.Pizza;
				PRODUCT_NAME = "$(TARGET_NAME)";
				SWIFT_VERSION = 3.0;
			};
			name = Debug;
		};
		A93A97B71ED404950041E338 /* Release */ = {
			isa = XCBuildConfiguration;
			buildSettings = {
				ASSETCATALOG_COMPILER_APPICON_NAME = AppIcon;
				INFOPLIST_FILE = Pizza/Info.plist;
				LD_RUNPATH_SEARCH_PATHS = "$(inherited) @executable_path/Frameworks";
				PRODUCT_BUNDLE_IDENTIFIER = gotit.com.mx.Pizza;
				PRODUCT_NAME = "$(TARGET_NAME)";
				SWIFT_VERSION = 3.0;
			};
			name = Release;
		};
/* End XCBuildConfiguration section */

/* Begin XCConfigurationList section */
		A93A979E1ED404950041E338 /* Build configuration list for PBXProject "Pizza" */ = {
			isa = XCConfigurationList;
			buildConfigurations = (
				A93A97B31ED404950041E338 /* Debug */,
				A93A97B41ED404950041E338 /* Release */,
			);
			defaultConfigurationIsVisible = 0;
			defaultConfigurationName = Release;
		};
		A93A97B51ED404950041E338 /* Build configuration list for PBXNativeTarget "Pizza" */ = {
			isa = XCConfigurationList;
			buildConfigurations = (
				A93A97B61ED404950041E338 /* Debug */,
				A93A97B71ED404950041E338 /* Release */,
			);
			defaultConfigurationIsVisible = 0;
			defaultConfigurationName = Release;
		};
/* End XCConfigurationList section */
	};
	rootObject = A93A979B1ED404950041E338 /* Project object */;
}
